# Sibling path-dependency pins for reproducible release builds.
# Cargo.lock records sibling crate versions but not the commits they came
# from; release.yml checks the siblings out at these commits so that
# `cargo build --locked` sees exactly the tree the lock was refreshed against.
# Refresh together with Cargo.lock: scripts/refresh-siblings-lock.sh
subconscious=97b20ccef387053412e40b2ef553925111e9da4f
commons=4f09c7c7c7f86394d21abde6ed3f97b582ee4d28
