# Sibling path-dependency pins for reproducible release builds.
# Cargo.lock records sibling crate versions but not the commits they came
# from; release.yml checks the siblings out at these commits so that
# `cargo build --locked` sees exactly the tree the lock was refreshed against.
# Refresh together with Cargo.lock: scripts/refresh-siblings-lock.sh
subconscious=308a382941d7dcfd762b13ef01c1a713930abd2a
commons=43ca3541ca0969e2e1eff46c46876158911a95a6
