# Sibling path-dependency pins for reproducible release builds.
# Cargo.lock records sibling crate versions but not the commits they came
# from; release.yml checks the siblings out at these commits so that
# `cargo build --locked` sees exactly the tree the lock was refreshed against.
# Refresh together with Cargo.lock: scripts/refresh-siblings-lock.sh
subconscious=6a900d667a32a13d68f7adfbe26f82caa4cf85a8
commons=3daf32bc46a6bfeff92c9f6342fcecf0ea2000c0
